// !$*UTF8*$!
{
	archiveVersion = 1;
	classes = {
	};
	objectVersion = 55;
	objects = {

/* Begin PBXBuildFile section */
		C628A44627DA600D0033A2A5 /* AppDelegate.swift in Sources */ = {isa = PBXBuildFile; fileRef = C628A44527DA600D0033A2A5 /* AppDelegate.swift */; };
		C628A44827DA600D0033A2A5 /* SceneDelegate.swift in Sources */ = {isa = PBXBuildFile; fileRef = C628A44727DA600D0033A2A5 /* SceneDelegate.swift */; };
		C628A44A27DA600D0033A2A5 /* SearchTableViewController.swift in Sources */ = {isa = PBXBuildFile; fileRef = C628A44927DA600D0033A2A5 /* SearchTableViewController.swift */; };
		C628A44D27DA600D0033A2A5 /* Main.storyboard in Resources */ = {isa = PBXBuildFile; fileRef = C628A44B27DA600D0033A2A5 /* Main.storyboard */; };
		C628A44F27DA600E0033A2A5 /* Assets.xcassets in Resources */ = {isa = PBXBuildFile; fileRef = C628A44E27DA600E0033A2A5 /* Assets.xcassets */; };
		C628A45227DA600E0033A2A5 /* LaunchScreen.storyboard in Resources */ = {isa = PBXBuildFile; fileRef = C628A45027DA600E0033A2A5 /* LaunchScreen.storyboard */; };
		C697370D27DA713C00ED1D9A /* SearchTableViewCells.swift in Sources */ = {isa = PBXBuildFile; fileRef = C697370C27DA713C00ED1D9A /* SearchTableViewCells.swift */; };
		C697371027DA73C100ED1D9A /* APIService.swift in Sources */ = {isa = PBXBuildFile; fileRef = C697370F27DA73C100ED1D9A /* APIService.swift */; };
		C697371327DA758300ED1D9A /* SearchResults.swift in Sources */ = {isa = PBXBuildFile; fileRef = C697371227DA758300ED1D9A /* SearchResults.swift */; };
		E116373609BD6B91F262702A /* Pods_DCA_Calculator.framework in Frameworks */ = {isa = PBXBuildFile; fileRef = 166DAEA11F3C4656453796FE /* Pods_DCA_Calculator.framework */; };
/* End PBXBuildFile section */

/* Begin PBXFileReference section */
		166DAEA11F3C4656453796FE /* Pods_DCA_Calculator.framework */ = {isa = PBXFileReference; explicitFileType = wrapper.framework; includeInIndex = 0; path = Pods_DCA_Calculator.framework; sourceTree = BUILT_PRODUCTS_DIR; };
		3DFF0819BA72A407FF916592 /* Pods-DCA-Calculator.release.xcconfig */ = {isa = PBXFileReference; includeInIndex = 1; lastKnownFileType = text.xcconfig; name = "Pods-DCA-Calculator.release.xcconfig"; path = "Target Support Files/Pods-DCA-Calculator/Pods-DCA-Calculator.release.xcconfig"; sourceTree = "<group>"; };
		561B6C11158A825B8034B26D /* Pods-DCA-Calculator.debug.xcconfig */ = {isa = PBXFileReference; includeInIndex = 1; lastKnownFileType = text.xcconfig; name = "Pods-DCA-Calculator.debug.xcconfig"; path = "Target Support Files/Pods-DCA-Calculator/Pods-DCA-Calculator.debug.xcconfig"; sourceTree = "<group>"; };
		C628A44227DA600D0033A2A5 /* DCA-Calculator.app */ = {isa = PBXFileReference; explicitFileType = wrapper.application; includeInIndex = 0; path = "DCA-Calculator.app"; sourceTree = BUILT_PRODUCTS_DIR; };
		C628A44527DA600D0033A2A5 /* AppDelegate.swift */ = {isa = PBXFileReference; lastKnownFileType = sourcecode.swift; path = AppDelegate.swift; sourceTree = "<group>"; };
		C628A44727DA600D0033A2A5 /* SceneDelegate.swift */ = {isa = PBXFileReference; lastKnownFileType = sourcecode.swift; path = SceneDelegate.swift; sourceTree = "<group>"; };
		C628A44927DA600D0033A2A5 /* SearchTableViewController.swift */ = {isa = PBXFileReference; lastKnownFileType = sourcecode.swift; path = SearchTableViewController.swift; sourceTree = "<group>"; };
		C628A44C27DA600D0033A2A5 /* Base */ = {isa = PBXFileReference; lastKnownFileType = file.storyboard; name = Base; path = Base.lproj/Main.storyboard; sourceTree = "<group>"; };
		C628A44E27DA600E0033A2A5 /* Assets.xcassets */ = {isa = PBXFileReference; lastKnownFileType = folder.assetcatalog; path = Assets.xcassets; sourceTree = "<group>"; };
		C628A45127DA600E0033A2A5 /* Base */ = {isa = PBXFileReference; lastKnownFileType = file.storyboard; name = Base; path = Base.lproj/LaunchScreen.storyboard; sourceTree = "<group>"; };
		C628A45327DA600E0033A2A5 /* Info.plist */ = {isa = PBXFileReference; lastKnownFileType = text.plist.xml; path = Info.plist; sourceTree = "<group>"; };
		C697370C27DA713C00ED1D9A /* SearchTableViewCells.swift */ = {isa = PBXFileReference; lastKnownFileType = sourcecode.swift; path = SearchTableViewCells.swift; sourceTree = "<group>"; };
		C697370F27DA73C100ED1D9A /* APIService.swift */ = {isa = PBXFileReference; lastKnownFileType = sourcecode.swift; path = APIService.swift; sourceTree = "<group>"; };
		C697371227DA758300ED1D9A /* SearchResults.swift */ = {isa = PBXFileReference; lastKnownFileType = sourcecode.swift; path = SearchResults.swift; sourceTree = "<group>"; };
/* End PBXFileReference section */

/* Begin PBXFrameworksBuildPhase section */
		C628A43F27DA600D0033A2A5 /* Frameworks */ = {
			isa = PBXFrameworksBuildPhase;
			buildActionMask = 2147483647;
			files = (
				E116373609BD6B91F262702A /* Pods_DCA_Calculator.framework in Frameworks */,
			);
			runOnlyForDeploymentPostprocessing = 0;
		};
/* End PBXFrameworksBuildPhase section */

/* Begin PBXGroup section */
		49EE7BBB76D1F8A7943FF524 /* Pods */ = {
			isa = PBXGroup;
			children = (
				561B6C11158A825B8034B26D /* Pods-DCA-Calculator.debug.xcconfig */,
				3DFF0819BA72A407FF916592 /* Pods-DCA-Calculator.release.xcconfig */,
			);
			path = Pods;
			sourceTree = "<group>";
		};
		C628A43927DA600D0033A2A5 = {
			isa = PBXGroup;
			children = (
				C628A44427DA600D0033A2A5 /* DCA-Calculator */,
				C628A44327DA600D0033A2A5 /* Products */,
				49EE7BBB76D1F8A7943FF524 /* Pods */,
				CA449BDAB91B9D696FAC376F /* Frameworks */,
			);
			sourceTree = "<group>";
		};
		C628A44327DA600D0033A2A5 /* Products */ = {
			isa = PBXGroup;
			children = (
				C628A44227DA600D0033A2A5 /* DCA-Calculator.app */,
			);
			name = Products;
			sourceTree = "<group>";
		};
		C628A44427DA600D0033A2A5 /* DCA-Calculator */ = {
			isa = PBXGroup;
			children = (
				C697371127DA756A00ED1D9A /* Model */,
				C697370E27DA73A500ED1D9A /* Service */,
				C697370B27DA710000ED1D9A /* Controllers */,
				C697370A27DA70F300ED1D9A /* View */,
				C628A44527DA600D0033A2A5 /* AppDelegate.swift */,
				C628A44727DA600D0033A2A5 /* SceneDelegate.swift */,
				C628A44927DA600D0033A2A5 /* SearchTableViewController.swift */,
				C628A44B27DA600D0033A2A5 /* Main.storyboard */,
				C628A44E27DA600E0033A2A5 /* Assets.xcassets */,
				C628A45027DA600E0033A2A5 /* LaunchScreen.storyboard */,
				C628A45327DA600E0033A2A5 /* Info.plist */,
			);
			path = "DCA-Calculator";
			sourceTree = "<group>";
		};
		C697370A27DA70F300ED1D9A /* View */ = {
			isa = PBXGroup;
			children = (
				C697370C27DA713C00ED1D9A /* SearchTableViewCells.swift */,
			);
			path = View;
			sourceTree = "<group>";
		};
		C697370B27DA710000ED1D9A /* Controllers */ = {
			isa = PBXGroup;
			children = (
			);
			path = Controllers;
			sourceTree = "<group>";
		};
		C697370E27DA73A500ED1D9A /* Service */ = {
			isa = PBXGroup;
			children = (
				C697370F27DA73C100ED1D9A /* APIService.swift */,
			);
			path = Service;
			sourceTree = "<group>";
		};
		C697371127DA756A00ED1D9A /* Model */ = {
			isa = PBXGroup;
			children = (
				C697371227DA758300ED1D9A /* SearchResults.swift */,
			);
			path = Model;
			sourceTree = "<group>";
		};
		CA449BDAB91B9D696FAC376F /* Frameworks */ = {
			isa = PBXGroup;
			children = (
				166DAEA11F3C4656453796FE /* Pods_DCA_Calculator.framework */,
			);
			name = Frameworks;
			sourceTree = "<group>";
		};
/* End PBXGroup section */

/* Begin PBXNativeTarget section */
		C628A44127DA600D0033A2A5 /* DCA-Calculator */ = {
			isa = PBXNativeTarget;
			buildConfigurationList = C628A45627DA600E0033A2A5 /* Build configuration list for PBXNativeTarget "DCA-Calculator" */;
			buildPhases = (
				4343DF8A5158B8CE99AE1A52 /* [CP] Check Pods Manifest.lock */,
				C628A43E27DA600D0033A2A5 /* Sources */,
				C628A43F27DA600D0033A2A5 /* Frameworks */,
				C628A44027DA600D0033A2A5 /* Resources */,
				904390D18127AA220A9FF02F /* [CP] Embed Pods Frameworks */,
			);
			buildRules = (
			);
			dependencies = (
			);
			name = "DCA-Calculator";
			productName = "DCA-Calculator";
			productReference = C628A44227DA600D0033A2A5 /* DCA-Calculator.app */;
			productType = "com.apple.product-type.application";
		};
/* End PBXNativeTarget section */

/* Begin PBXProject section */
		C628A43A27DA600D0033A2A5 /* Project object */ = {
			isa = PBXProject;
			attributes = {
				BuildIndependentTargetsInParallel = 1;
				LastSwiftUpdateCheck = 1320;
				LastUpgradeCheck = 1320;
				TargetAttributes = {
					C628A44127DA600D0033A2A5 = {
						CreatedOnToolsVersion = 13.2.1;
					};
				};
			};
			buildConfigurationList = C628A43D27DA600D0033A2A5 /* Build configuration list for PBXProject "DCA-Calculator" */;
			compatibilityVersion = "Xcode 13.0";
			developmentRegion = en;
			hasScannedForEncodings = 0;
			knownRegions = (
				en,
				Base,
			);
			mainGroup = C628A43927DA600D0033A2A5;
			productRefGroup = C628A44327DA600D0033A2A5 /* Products */;
			projectDirPath = "";
			projectRoot = "";
			targets = (
				C628A44127DA600D0033A2A5 /* DCA-Calculator */,
			);
		};
/* End PBXProject section */

/* Begin PBXResourcesBuildPhase section */
		C628A44027DA600D0033A2A5 /* Resources */ = {
			isa = PBXResourcesBuildPhase;
			buildActionMask = 2147483647;
			files = (
				C628A45227DA600E0033A2A5 /* LaunchScreen.storyboard in Resources */,
				C628A44F27DA600E0033A2A5 /* Assets.xcassets in Resources */,
				C628A44D27DA600D0033A2A5 /* Main.storyboard in Resources */,
			);
			runOnlyForDeploymentPostprocessing = 0;
		};
/* End PBXResourcesBuildPhase section */

/* Begin PBXShellScriptBuildPhase section */
		4343DF8A5158B8CE99AE1A52 /* [CP] Check Pods Manifest.lock */ = {
			isa = PBXShellScriptBuildPhase;
			buildActionMask = 2147483647;
			files = (
			);
			inputFileListPaths = (
			);
			inputPaths = (
				"${PODS_PODFILE_DIR_PATH}/Podfile.lock",
				"${PODS_ROOT}/Manifest.lock",
			);
			name = "[CP] Check Pods Manifest.lock";
			outputFileListPaths = (
			);
			outputPaths = (
				"$(DERIVED_FILE_DIR)/Pods-DCA-Calculator-checkManifestLockResult.txt",
			);
			runOnlyForDeploymentPostprocessing = 0;
			shellPath = /bin/sh;
			shellScript = "diff \"${PODS_PODFILE_DIR_PATH}/Podfile.lock\" \"${PODS_ROOT}/Manifest.lock\" > /dev/null\nif [ $? != 0 ] ; then\n    # print error to STDERR\n    echo \"error: The sandbox is not in sync with the Podfile.lock. Run 'pod install' or update your CocoaPods installation.\" >&2\n    exit 1\nfi\n# This output is used by Xcode 'outputs' to avoid re-running this script phase.\necho \"SUCCESS\" > \"${SCRIPT_OUTPUT_FILE_0}\"\n";
			showEnvVarsInLog = 0;
		};
		904390D18127AA220A9FF02F /* [CP] Embed Pods Frameworks */ = {
			isa = PBXShellScriptBuildPhase;
			buildActionMask = 2147483647;
			files = (
			);
			inputFileListPaths = (
				"${PODS_ROOT}/Target Support Files/Pods-DCA-Calculator/Pods-DCA-Calculator-frameworks-${CONFIGURATION}-input-files.xcfilelist",
			);
			name = "[CP] Embed Pods Frameworks";
			outputFileListPaths = (
				"${PODS_ROOT}/Target Support Files/Pods-DCA-Calculator/Pods-DCA-Calculator-frameworks-${CONFIGURATION}-output-files.xcfilelist",
			);
			runOnlyForDeploymentPostprocessing = 0;
			shellPath = /bin/sh;
			shellScript = "\"${PODS_ROOT}/Target Support Files/Pods-DCA-Calculator/Pods-DCA-Calculator-frameworks.sh\"\n";
			showEnvVarsInLog = 0;
		};
/* End PBXShellScriptBuildPhase section */

/* Begin PBXSourcesBuildPhase section */
		C628A43E27DA600D0033A2A5 /* Sources */ = {
			isa = PBXSourcesBuildPhase;
			buildActionMask = 2147483647;
			files = (
				C628A44A27DA600D0033A2A5 /* SearchTableViewController.swift in Sources */,
				C697371027DA73C100ED1D9A /* APIService.swift in Sources */,
				C697370D27DA713C00ED1D9A /* SearchTableViewCells.swift in Sources */,
				C628A44627DA600D0033A2A5 /* AppDelegate.swift in Sources */,
				C697371327DA758300ED1D9A /* SearchResults.swift in Sources */,
				C628A44827DA600D0033A2A5 /* SceneDelegate.swift in Sources */,
			);
			runOnlyForDeploymentPostprocessing = 0;
		};
/* End PBXSourcesBuildPhase section */

/* Begin PBXVariantGroup section */
		C628A44B27DA600D0033A2A5 /* Main.storyboard */ = {
			isa = PBXVariantGroup;
			children = (
				C628A44C27DA600D0033A2A5 /* Base */,
			);
			name = Main.storyboard;
			sourceTree = "<group>";
		};
		C628A45027DA600E0033A2A5 /* LaunchScreen.storyboard */ = {
			isa = PBXVariantGroup;
			children = (
				C628A45127DA600E0033A2A5 /* Base */,
			);
			name = LaunchScreen.storyboard;
			sourceTree = "<group>";
		};
/* End PBXVariantGroup section */

/* Begin XCBuildConfiguration section */
		C628A45427DA600E0033A2A5 /* Debug */ = {
			isa = XCBuildConfiguration;
			buildSettings = {
				ALWAYS_SEARCH_USER_PATHS = NO;
				CLANG_ANALYZER_NONNULL = YES;
				CLANG_ANALYZER_NUMBER_OBJECT_CONVERSION = YES_AGGRESSIVE;
				CLANG_CXX_LANGUAGE_STANDARD = "gnu++17";
				CLANG_CXX_LIBRARY = "libc++";
				CLANG_ENABLE_MODULES = YES;
				CLANG_ENABLE_OBJC_ARC = YES;
				CLANG_ENABLE_OBJC_WEAK = YES;
				CLANG_WARN_BLOCK_CAPTURE_AUTORELEASING = YES;
				CLANG_WARN_BOOL_CONVERSION = YES;
				CLANG_WARN_COMMA = YES;
				CLANG_WARN_CONSTANT_CONVERSION = YES;
				CLANG_WARN_DEPRECATED_OBJC_IMPLEMENTATIONS = YES;
				CLANG_WARN_DIRECT_OBJC_ISA_USAGE = YES_ERROR;
				CLANG_WARN_DOCUMENTATION_COMMENTS = YES;
				CLANG_WARN_EMPTY_BODY = YES;
				CLANG_WARN_ENUM_CONVERSION = YES;
				CLANG_WARN_INFINITE_RECURSION = YES;
				CLANG_WARN_INT_CONVERSION = YES;
				CLANG_WARN_NON_LITERAL_NULL_CONVERSION = YES;
				CLANG_WARN_OBJC_IMPLICIT_RETAIN_SELF = YES;
				CLANG_WARN_OBJC_LITERAL_CONVERSION = YES;
				CLANG_WARN_OBJC_ROOT_CLASS = YES_ERROR;
				CLANG_WARN_QUOTED_INCLUDE_IN_FRAMEWORK_HEADER = YES;
				CLANG_WARN_RANGE_LOOP_ANALYSIS = YES;
				CLANG_WARN_STRICT_PROTOTYPES = YES;
				CLANG_WARN_SUSPICIOUS_MOVE = YES;
				CLANG_WARN_UNGUARDED_AVAILABILITY = YES_AGGRESSIVE;
				CLANG_WARN_UNREACHABLE_CODE = YES;
				CLANG_WARN__DUPLICATE_METHOD_MATCH = YES;
				COPY_PHASE_STRIP = NO;
				DEBUG_INFORMATION_FORMAT = dwarf;
				ENABLE_STRICT_OBJC_MSGSEND = YES;
				ENABLE_TESTABILITY = YES;
				GCC_C_LANGUAGE_STANDARD = gnu11;
				GCC_DYNAMIC_NO_PIC = NO;
				GCC_NO_COMMON_BLOCKS = YES;
				GCC_OPTIMIZATION_LEVEL = 0;
				GCC_PREPROCESSOR_DEFINITIONS = (
					"DEBUG=1",
					"$(inherited)",
				);
				GCC_WARN_64_TO_32_BIT_CONVERSION = YES;
				GCC_WARN_ABOUT_RETURN_TYPE = YES_ERROR;
				GCC_WARN_UNDECLARED_SELECTOR = YES;
				GCC_WARN_UNINITIALIZED_AUTOS = YES_AGGRESSIVE;
				GCC_WARN_UNUSED_FUNCTION = YES;
				GCC_WARN_UNUSED_VARIABLE = YES;
				IPHONEOS_DEPLOYMENT_TARGET = 15.2;
				MTL_ENABLE_DEBUG_INFO = INCLUDE_SOURCE;
				MTL_FAST_MATH = YES;
				ONLY_ACTIVE_ARCH = YES;
				SDKROOT = iphoneos;
				SWIFT_ACTIVE_COMPILATION_CONDITIONS = DEBUG;
				SWIFT_OPTIMIZATION_LEVEL = "-Onone";
			};
			name = Debug;
		};
		C628A45527DA600E0033A2A5 /* Release */ = {
			isa = XCBuildConfiguration;
			buildSettings = {
				ALWAYS_SEARCH_USER_PATHS = NO;
				CLANG_ANALYZER_NONNULL = YES;
				CLANG_ANALYZER_NUMBER_OBJECT_CONVERSION = YES_AGGRESSIVE;
				CLANG_CXX_LANGUAGE_STANDARD = "gnu++17";
				CLANG_CXX_LIBRARY = "libc++";
				CLANG_ENABLE_MODULES = YES;
				CLANG_ENABLE_OBJC_ARC = YES;
				CLANG_ENABLE_OBJC_WEAK = YES;
				CLANG_WARN_BLOCK_CAPTURE_AUTORELEASING = YES;
				CLANG_WARN_BOOL_CONVERSION = YES;
				CLANG_WARN_COMMA = YES;
				CLANG_WARN_CONSTANT_CONVERSION = YES;
				CLANG_WARN_DEPRECATED_OBJC_IMPLEMENTATIONS = YES;
				CLANG_WARN_DIRECT_OBJC_ISA_USAGE = YES_ERROR;
				CLANG_WARN_DOCUMENTATION_COMMENTS = YES;
				CLANG_WARN_EMPTY_BODY = YES;
				CLANG_WARN_ENUM_CONVERSION = YES;
				CLANG_WARN_INFINITE_RECURSION = YES;
				CLANG_WARN_INT_CONVERSION = YES;
				CLANG_WARN_NON_LITERAL_NULL_CONVERSION = YES;
				CLANG_WARN_OBJC_IMPLICIT_RETAIN_SELF = YES;
				CLANG_WARN_OBJC_LITERAL_CONVERSION = YES;
				CLANG_WARN_OBJC_ROOT_CLASS = YES_ERROR;
				CLANG_WARN_QUOTED_INCLUDE_IN_FRAMEWORK_HEADER = YES;
				CLANG_WARN_RANGE_LOOP_ANALYSIS = YES;
				CLANG_WARN_STRICT_PROTOTYPES = YES;
				CLANG_WARN_SUSPICIOUS_MOVE = YES;
				CLANG_WARN_UNGUARDED_AVAILABILITY = YES_AGGRESSIVE;
				CLANG_WARN_UNREACHABLE_CODE = YES;
				CLANG_WARN__DUPLICATE_METHOD_MATCH = YES;
				COPY_PHASE_STRIP = NO;
				DEBUG_INFORMATION_FORMAT = "dwarf-with-dsym";
				ENABLE_NS_ASSERTIONS = NO;
				ENABLE_STRICT_OBJC_MSGSEND = YES;
				GCC_C_LANGUAGE_STANDARD = gnu11;
				GCC_NO_COMMON_BLOCKS = YES;
				GCC_WARN_64_TO_32_BIT_CONVERSION = YES;
				GCC_WARN_ABOUT_RETURN_TYPE = YES_ERROR;
				GCC_WARN_UNDECLARED_SELECTOR = YES;
				GCC_WARN_UNINITIALIZED_AUTOS = YES_AGGRESSIVE;
				GCC_WARN_UNUSED_FUNCTION = YES;
				GCC_WARN_UNUSED_VARIABLE = YES;
				IPHONEOS_DEPLOYMENT_TARGET = 15.2;
				MTL_ENABLE_DEBUG_INFO = NO;
				MTL_FAST_MATH = YES;
				SDKROOT = iphoneos;
				SWIFT_COMPILATION_MODE = wholemodule;
				SWIFT_OPTIMIZATION_LEVEL = "-O";
				VALIDATE_PRODUCT = YES;
			};
			name = Release;
		};
		C628A45727DA600E0033A2A5 /* Debug */ = {
			isa = XCBuildConfiguration;
			baseConfigurationReference = 561B6C11158A825B8034B26D /* Pods-DCA-Calculator.debug.xcconfig */;
			buildSettings = {
				ASSETCATALOG_COMPILER_APPICON_NAME = AppIcon;
				ASSETCATALOG_COMPILER_GLOBAL_ACCENT_COLOR_NAME = AccentColor;
				CODE_SIGN_STYLE = Automatic;
				CURRENT_PROJECT_VERSION = 1;
				DEVELOPMENT_TEAM = FZYRH5V929;
				GENERATE_INFOPLIST_FILE = YES;
				INFOPLIST_FILE = "DCA-Calculator/Info.plist";
				INFOPLIST_KEY_UIApplicationSupportsIndirectInputEvents = YES;
				INFOPLIST_KEY_UILaunchStoryboardName = LaunchScreen;
				INFOPLIST_KEY_UIMainStoryboardFile = Main;
				INFOPLIST_KEY_UISupportedInterfaceOrientations_iPad = "UIInterfaceOrientationPortrait UIInterfaceOrientationPortraitUpsideDown UIInterfaceOrientationLandscapeLeft UIInterfaceOrientationLandscapeRight";
				INFOPLIST_KEY_UISupportedInterfaceOrientations_iPhone = "UIInterfaceOrientationPortrait UIInterfaceOrientationLandscapeLeft UIInterfaceOrientationLandscapeRight";
				LD_RUNPATH_SEARCH_PATHS = (
					"$(inherited)",
					"@executable_path/Frameworks",
				);
				MARKETING_VERSION = 1.0;
				PRODUCT_BUNDLE_IDENTIFIER = "com.alandisseals.DCA-Calculator";
				PRODUCT_NAME = "$(TARGET_NAME)";
				SWIFT_EMIT_LOC_STRINGS = YES;
				SWIFT_VERSION = 5.0;
				TARGETED_DEVICE_FAMILY = "1,2";
			};
			name = Debug;
		};
		C628A45827DA600E0033A2A5 /* Release */ = {
			isa = XCBuildConfiguration;
			baseConfigurationReference = 3DFF0819BA72A407FF916592 /* Pods-DCA-Calculator.release.xcconfig */;
			buildSettings = {
				ASSETCATALOG_COMPILER_APPICON_NAME = AppIcon;
				ASSETCATALOG_COMPILER_GLOBAL_ACCENT_COLOR_NAME = AccentColor;
				CODE_SIGN_STYLE = Automatic;
				CURRENT_PROJECT_VERSION = 1;
				DEVELOPMENT_TEAM = FZYRH5V929;
				GENERATE_INFOPLIST_FILE = YES;
				INFOPLIST_FILE = "DCA-Calculator/Info.plist";
				INFOPLIST_KEY_UIApplicationSupportsIndirectInputEvents = YES;
				INFOPLIST_KEY_UILaunchStoryboardName = LaunchScreen;
				INFOPLIST_KEY_UIMainStoryboardFile = Main;
				INFOPLIST_KEY_UISupportedInterfaceOrientations_iPad = "UIInterfaceOrientationPortrait UIInterfaceOrientationPortraitUpsideDown UIInterfaceOrientationLandscapeLeft UIInterfaceOrientationLandscapeRight";
				INFOPLIST_KEY_UISupportedInterfaceOrientations_iPhone = "UIInterfaceOrientationPortrait UIInterfaceOrientationLandscapeLeft UIInterfaceOrientationLandscapeRight";
				LD_RUNPATH_SEARCH_PATHS = (
					"$(inherited)",
					"@executable_path/Frameworks",
				);
				MARKETING_VERSION = 1.0;
				PRODUCT_BUNDLE_IDENTIFIER = "com.alandisseals.DCA-Calculator";
				PRODUCT_NAME = "$(TARGET_NAME)";
				SWIFT_EMIT_LOC_STRINGS = YES;
				SWIFT_VERSION = 5.0;
				TARGETED_DEVICE_FAMILY = "1,2";
			};
			name = Release;
		};
/* End XCBuildConfiguration section */

/* Begin XCConfigurationList section */
		C628A43D27DA600D0033A2A5 /* Build configuration list for PBXProject "DCA-Calculator" */ = {
			isa = XCConfigurationList;
			buildConfigurations = (
				C628A45427DA600E0033A2A5 /* Debug */,
				C628A45527DA600E0033A2A5 /* Release */,
			);
			defaultConfigurationIsVisible = 0;
			defaultConfigurationName = Release;
		};
		C628A45627DA600E0033A2A5 /* Build configuration list for PBXNativeTarget "DCA-Calculator" */ = {
			isa = XCConfigurationList;
			buildConfigurations = (
				C628A45727DA600E0033A2A5 /* Debug */,
				C628A45827DA600E0033A2A5 /* Release */,
			);
			defaultConfigurationIsVisible = 0;
			defaultConfigurationName = Release;
		};
/* End XCConfigurationList section */
	};
	rootObject = C628A43A27DA600D0033A2A5 /* Project object */;
}
